// !$*UTF8*$!
{
	archiveVersion = 1;
	classes = {
	};
	objectVersion = 46;
	objects = {

/* Begin PBXBuildFile section */
		993347281B5B26260081172B /* libopencv_core.2.4.11.dylib in Frameworks */ = {isa = PBXBuildFile; fileRef = 993347261B5B25E70081172B /* libopencv_core.2.4.11.dylib */; };
		9933472A1B5B26380081172B /* libopencv_highgui.2.4.11.dylib in Frameworks */ = {isa = PBXBuildFile; fileRef = 993347291B5B26380081172B /* libopencv_highgui.2.4.11.dylib */; };
		9933472C1B5B265E0081172B /* libopencv_video.2.4.11.dylib in Frameworks */ = {isa = PBXBuildFile; fileRef = 9933472B1B5B265E0081172B /* libopencv_video.2.4.11.dylib */; };
		993347311B5B27120081172B /* Cam.cpp in Sources */ = {isa = PBXBuildFile; fileRef = 9933472F1B5B27120081172B /* Cam.cpp */; };
		993347341B5B27ED0081172B /* ObjCam.mm in Sources */ = {isa = PBXBuildFile; fileRef = 993347331B5B27ED0081172B /* ObjCam.mm */; };
		99425B031B5B2D12004FC58A /* libopencv_objdetect.2.4.11.dylib in Frameworks */ = {isa = PBXBuildFile; fileRef = 99425B021B5B2D12004FC58A /* libopencv_objdetect.2.4.11.dylib */; };
		99425B051B5B2D2A004FC58A /* libopencv_imgproc.2.4.11.dylib in Frameworks */ = {isa = PBXBuildFile; fileRef = 99425B041B5B2D2A004FC58A /* libopencv_imgproc.2.4.11.dylib */; };
		99E2E11A1B5CACCB00E170C1 /* MainView.swift in Sources */ = {isa = PBXBuildFile; fileRef = 99E2E1191B5CACCB00E170C1 /* MainView.swift */; };
		99E473FC1B5B24DC009575C6 /* AppDelegate.swift in Sources */ = {isa = PBXBuildFile; fileRef = 99E473FB1B5B24DC009575C6 /* AppDelegate.swift */; };
		99E473FE1B5B24DC009575C6 /* Images.xcassets in Resources */ = {isa = PBXBuildFile; fileRef = 99E473FD1B5B24DC009575C6 /* Images.xcassets */; };
		99E474011B5B24DC009575C6 /* MainMenu.xib in Resources */ = {isa = PBXBuildFile; fileRef = 99E473FF1B5B24DC009575C6 /* MainMenu.xib */; };
		99E4740D1B5B24DC009575C6 /* pestureTests.swift in Sources */ = {isa = PBXBuildFile; fileRef = 99E4740C1B5B24DC009575C6 /* pestureTests.swift */; };
/* End PBXBuildFile section */

/* Begin PBXContainerItemProxy section */
		99E474071B5B24DC009575C6 /* PBXContainerItemProxy */ = {
			isa = PBXContainerItemProxy;
			containerPortal = 99E473EE1B5B24DC009575C6 /* Project object */;
			proxyType = 1;
			remoteGlobalIDString = 99E473F51B5B24DC009575C6;
			remoteInfo = imposture;
		};
/* End PBXContainerItemProxy section */

/* Begin PBXFileReference section */
		993347261B5B25E70081172B /* libopencv_core.2.4.11.dylib */ = {isa = PBXFileReference; lastKnownFileType = "compiled.mach-o.dylib"; name = libopencv_core.2.4.11.dylib; path = ../../usr/local/Cellar/opencv/2.4.11_1/lib/libopencv_core.2.4.11.dylib; sourceTree = "<group>"; };
		993347291B5B26380081172B /* libopencv_highgui.2.4.11.dylib */ = {isa = PBXFileReference; lastKnownFileType = "compiled.mach-o.dylib"; name = libopencv_highgui.2.4.11.dylib; path = ../../usr/local/Cellar/opencv/2.4.11_1/lib/libopencv_highgui.2.4.11.dylib; sourceTree = "<group>"; };
		9933472B1B5B265E0081172B /* libopencv_video.2.4.11.dylib */ = {isa = PBXFileReference; lastKnownFileType = "compiled.mach-o.dylib"; name = libopencv_video.2.4.11.dylib; path = ../../usr/local/Cellar/opencv/2.4.11_1/lib/libopencv_video.2.4.11.dylib; sourceTree = "<group>"; };
		9933472E1B5B27120081172B /* pesture-Bridging-Header.h */ = {isa = PBXFileReference; lastKnownFileType = sourcecode.c.h; path = "pesture-Bridging-Header.h"; sourceTree = "<group>"; };
		9933472F1B5B27120081172B /* Cam.cpp */ = {isa = PBXFileReference; fileEncoding = 4; lastKnownFileType = sourcecode.cpp.cpp; path = Cam.cpp; sourceTree = "<group>"; };
		993347301B5B27120081172B /* Cam.h */ = {isa = PBXFileReference; fileEncoding = 4; lastKnownFileType = sourcecode.c.h; path = Cam.h; sourceTree = "<group>"; };
		993347321B5B27ED0081172B /* ObjCam.h */ = {isa = PBXFileReference; fileEncoding = 4; lastKnownFileType = sourcecode.c.h; path = ObjCam.h; sourceTree = "<group>"; };
		993347331B5B27ED0081172B /* ObjCam.mm */ = {isa = PBXFileReference; fileEncoding = 4; lastKnownFileType = sourcecode.cpp.objcpp; path = ObjCam.mm; sourceTree = "<group>"; };
		99425B021B5B2D12004FC58A /* libopencv_objdetect.2.4.11.dylib */ = {isa = PBXFileReference; lastKnownFileType = "compiled.mach-o.dylib"; name = libopencv_objdetect.2.4.11.dylib; path = ../../usr/local/Cellar/opencv/2.4.11_1/lib/libopencv_objdetect.2.4.11.dylib; sourceTree = "<group>"; };
		99425B041B5B2D2A004FC58A /* libopencv_imgproc.2.4.11.dylib */ = {isa = PBXFileReference; lastKnownFileType = "compiled.mach-o.dylib"; name = libopencv_imgproc.2.4.11.dylib; path = ../../usr/local/Cellar/opencv/2.4.11_1/lib/libopencv_imgproc.2.4.11.dylib; sourceTree = "<group>"; };
		99E2E1191B5CACCB00E170C1 /* MainView.swift */ = {isa = PBXFileReference; fileEncoding = 4; lastKnownFileType = sourcecode.swift; path = MainView.swift; sourceTree = "<group>"; };
		99E473F61B5B24DC009575C6 /* pesture.app */ = {isa = PBXFileReference; explicitFileType = wrapper.application; includeInIndex = 0; path = pesture.app; sourceTree = BUILT_PRODUCTS_DIR; };
		99E473FA1B5B24DC009575C6 /* Info.plist */ = {isa = PBXFileReference; lastKnownFileType = text.plist.xml; path = Info.plist; sourceTree = "<group>"; };
		99E473FB1B5B24DC009575C6 /* AppDelegate.swift */ = {isa = PBXFileReference; lastKnownFileType = sourcecode.swift; path = AppDelegate.swift; sourceTree = "<group>"; };
		99E473FD1B5B24DC009575C6 /* Images.xcassets */ = {isa = PBXFileReference; lastKnownFileType = folder.assetcatalog; path = Images.xcassets; sourceTree = "<group>"; };
		99E474001B5B24DC009575C6 /* Base */ = {isa = PBXFileReference; lastKnownFileType = file.xib; name = Base; path = Base.lproj/MainMenu.xib; sourceTree = "<group>"; };
		99E474061B5B24DC009575C6 /* pestureTests.xctest */ = {isa = PBXFileReference; explicitFileType = wrapper.cfbundle; includeInIndex = 0; path = pestureTests.xctest; sourceTree = BUILT_PRODUCTS_DIR; };
		99E4740B1B5B24DC009575C6 /* Info.plist */ = {isa = PBXFileReference; lastKnownFileType = text.plist.xml; path = Info.plist; sourceTree = "<group>"; };
		99E4740C1B5B24DC009575C6 /* pestureTests.swift */ = {isa = PBXFileReference; lastKnownFileType = sourcecode.swift; path = pestureTests.swift; sourceTree = "<group>"; };
/* End PBXFileReference section */

/* Begin PBXFrameworksBuildPhase section */
		99E473F31B5B24DC009575C6 /* Frameworks */ = {
			isa = PBXFrameworksBuildPhase;
			buildActionMask = 2147483647;
			files = (
				99425B051B5B2D2A004FC58A /* libopencv_imgproc.2.4.11.dylib in Frameworks */,
				99425B031B5B2D12004FC58A /* libopencv_objdetect.2.4.11.dylib in Frameworks */,
				9933472C1B5B265E0081172B /* libopencv_video.2.4.11.dylib in Frameworks */,
				9933472A1B5B26380081172B /* libopencv_highgui.2.4.11.dylib in Frameworks */,
				993347281B5B26260081172B /* libopencv_core.2.4.11.dylib in Frameworks */,
			);
			runOnlyForDeploymentPostprocessing = 0;
		};
		99E474031B5B24DC009575C6 /* Frameworks */ = {
			isa = PBXFrameworksBuildPhase;
			buildActionMask = 2147483647;
			files = (
			);
			runOnlyForDeploymentPostprocessing = 0;
		};
/* End PBXFrameworksBuildPhase section */

/* Begin PBXGroup section */
		9933472D1B5B26B40081172B /* opencv */ = {
			isa = PBXGroup;
			children = (
				9933472F1B5B27120081172B /* Cam.cpp */,
				993347301B5B27120081172B /* Cam.h */,
				993347321B5B27ED0081172B /* ObjCam.h */,
				993347331B5B27ED0081172B /* ObjCam.mm */,
			);
			name = opencv;
			sourceTree = "<group>";
		};
		99E473ED1B5B24DC009575C6 = {
			isa = PBXGroup;
			children = (
				99425B041B5B2D2A004FC58A /* libopencv_imgproc.2.4.11.dylib */,
				99425B021B5B2D12004FC58A /* libopencv_objdetect.2.4.11.dylib */,
				9933472B1B5B265E0081172B /* libopencv_video.2.4.11.dylib */,
				993347291B5B26380081172B /* libopencv_highgui.2.4.11.dylib */,
				993347261B5B25E70081172B /* libopencv_core.2.4.11.dylib */,
				99E473F81B5B24DC009575C6 /* pesture */,
				99E474091B5B24DC009575C6 /* pestureTests */,
				99E473F71B5B24DC009575C6 /* Products */,
			);
			sourceTree = "<group>";
		};
		99E473F71B5B24DC009575C6 /* Products */ = {
			isa = PBXGroup;
			children = (
				99E473F61B5B24DC009575C6 /* pesture.app */,
				99E474061B5B24DC009575C6 /* pestureTests.xctest */,
			);
			name = Products;
			sourceTree = "<group>";
		};
		99E473F81B5B24DC009575C6 /* pesture */ = {
			isa = PBXGroup;
			children = (
				9933472E1B5B27120081172B /* pesture-Bridging-Header.h */,
				9933472D1B5B26B40081172B /* opencv */,
				99E473FB1B5B24DC009575C6 /* AppDelegate.swift */,
				99E2E1191B5CACCB00E170C1 /* MainView.swift */,
				99E473FD1B5B24DC009575C6 /* Images.xcassets */,
				99E473FF1B5B24DC009575C6 /* MainMenu.xib */,
				99E473F91B5B24DC009575C6 /* Supporting Files */,
			);
			path = pesture;
			sourceTree = "<group>";
		};
		99E473F91B5B24DC009575C6 /* Supporting Files */ = {
			isa = PBXGroup;
			children = (
				99E473FA1B5B24DC009575C6 /* Info.plist */,
			);
			name = "Supporting Files";
			sourceTree = "<group>";
		};
		99E474091B5B24DC009575C6 /* pestureTests */ = {
			isa = PBXGroup;
			children = (
				99E4740C1B5B24DC009575C6 /* pestureTests.swift */,
				99E4740A1B5B24DC009575C6 /* Supporting Files */,
			);
			path = pestureTests;
			sourceTree = "<group>";
		};
		99E4740A1B5B24DC009575C6 /* Supporting Files */ = {
			isa = PBXGroup;
			children = (
				99E4740B1B5B24DC009575C6 /* Info.plist */,
			);
			name = "Supporting Files";
			sourceTree = "<group>";
		};
/* End PBXGroup section */

/* Begin PBXNativeTarget section */
		99E473F51B5B24DC009575C6 /* pesture */ = {
			isa = PBXNativeTarget;
			buildConfigurationList = 99E474101B5B24DC009575C6 /* Build configuration list for PBXNativeTarget "pesture" */;
			buildPhases = (
				99E473F21B5B24DC009575C6 /* Sources */,
				99E473F31B5B24DC009575C6 /* Frameworks */,
				99E473F41B5B24DC009575C6 /* Resources */,
			);
			buildRules = (
			);
			dependencies = (
			);
			name = pesture;
			productName = imposture;
			productReference = 99E473F61B5B24DC009575C6 /* pesture.app */;
			productType = "com.apple.product-type.application";
		};
		99E474051B5B24DC009575C6 /* pestureTests */ = {
			isa = PBXNativeTarget;
			buildConfigurationList = 99E474131B5B24DC009575C6 /* Build configuration list for PBXNativeTarget "pestureTests" */;
			buildPhases = (
				99E474021B5B24DC009575C6 /* Sources */,
				99E474031B5B24DC009575C6 /* Frameworks */,
				99E474041B5B24DC009575C6 /* Resources */,
			);
			buildRules = (
			);
			dependencies = (
				99E474081B5B24DC009575C6 /* PBXTargetDependency */,
			);
			name = pestureTests;
			productName = impostureTests;
			productReference = 99E474061B5B24DC009575C6 /* pestureTests.xctest */;
			productType = "com.apple.product-type.bundle.unit-test";
		};
/* End PBXNativeTarget section */

/* Begin PBXProject section */
		99E473EE1B5B24DC009575C6 /* Project object */ = {
			isa = PBXProject;
			attributes = {
				LastUpgradeCheck = 0640;
				ORGANIZATIONNAME = "Scott Douglas";
				TargetAttributes = {
					99E473F51B5B24DC009575C6 = {
						CreatedOnToolsVersion = 6.4;
					};
					99E474051B5B24DC009575C6 = {
						CreatedOnToolsVersion = 6.4;
						TestTargetID = 99E473F51B5B24DC009575C6;
					};
				};
			};
			buildConfigurationList = 99E473F11B5B24DC009575C6 /* Build configuration list for PBXProject "pesture" */;
			compatibilityVersion = "Xcode 3.2";
			developmentRegion = English;
			hasScannedForEncodings = 0;
			knownRegions = (
				en,
				Base,
			);
			mainGroup = 99E473ED1B5B24DC009575C6;
			productRefGroup = 99E473F71B5B24DC009575C6 /* Products */;
			projectDirPath = "";
			projectRoot = "";
			targets = (
				99E473F51B5B24DC009575C6 /* pesture */,
				99E474051B5B24DC009575C6 /* pestureTests */,
			);
		};
/* End PBXProject section */

/* Begin PBXResourcesBuildPhase section */
		99E473F41B5B24DC009575C6 /* Resources */ = {
			isa = PBXResourcesBuildPhase;
			buildActionMask = 2147483647;
			files = (
				99E473FE1B5B24DC009575C6 /* Images.xcassets in Resources */,
				99E474011B5B24DC009575C6 /* MainMenu.xib in Resources */,
			);
			runOnlyForDeploymentPostprocessing = 0;
		};
		99E474041B5B24DC009575C6 /* Resources */ = {
			isa = PBXResourcesBuildPhase;
			buildActionMask = 2147483647;
			files = (
			);
			runOnlyForDeploymentPostprocessing = 0;
		};
/* End PBXResourcesBuildPhase section */

/* Begin PBXSourcesBuildPhase section */
		99E473F21B5B24DC009575C6 /* Sources */ = {
			isa = PBXSourcesBuildPhase;
			buildActionMask = 2147483647;
			files = (
				99E473FC1B5B24DC009575C6 /* AppDelegate.swift in Sources */,
				99E2E11A1B5CACCB00E170C1 /* MainView.swift in Sources */,
				993347311B5B27120081172B /* Cam.cpp in Sources */,
				993347341B5B27ED0081172B /* ObjCam.mm in Sources */,
			);
			runOnlyForDeploymentPostprocessing = 0;
		};
		99E474021B5B24DC009575C6 /* Sources */ = {
			isa = PBXSourcesBuildPhase;
			buildActionMask = 2147483647;
			files = (
				99E4740D1B5B24DC009575C6 /* pestureTests.swift in Sources */,
			);
			runOnlyForDeploymentPostprocessing = 0;
		};
/* End PBXSourcesBuildPhase section */

/* Begin PBXTargetDependency section */
		99E474081B5B24DC009575C6 /* PBXTargetDependency */ = {
			isa = PBXTargetDependency;
			target = 99E473F51B5B24DC009575C6 /* pesture */;
			targetProxy = 99E474071B5B24DC009575C6 /* PBXContainerItemProxy */;
		};
/* End PBXTargetDependency section */

/* Begin PBXVariantGroup section */
		99E473FF1B5B24DC009575C6 /* MainMenu.xib */ = {
			isa = PBXVariantGroup;
			children = (
				99E474001B5B24DC009575C6 /* Base */,
			);
			name = MainMenu.xib;
			sourceTree = "<group>";
		};
/* End PBXVariantGroup section */

/* Begin XCBuildConfiguration section */
		99E4740E1B5B24DC009575C6 /* Debug */ = {
			isa = XCBuildConfiguration;
			buildSettings = {
				ALWAYS_SEARCH_USER_PATHS = NO;
				CLANG_CXX_LANGUAGE_STANDARD = "gnu++0x";
				CLANG_CXX_LIBRARY = "libc++";
				CLANG_ENABLE_MODULES = YES;
				CLANG_ENABLE_OBJC_ARC = YES;
				CLANG_WARN_BOOL_CONVERSION = YES;
				CLANG_WARN_CONSTANT_CONVERSION = YES;
				CLANG_WARN_DIRECT_OBJC_ISA_USAGE = YES_ERROR;
				CLANG_WARN_EMPTY_BODY = YES;
				CLANG_WARN_ENUM_CONVERSION = YES;
				CLANG_WARN_INT_CONVERSION = YES;
				CLANG_WARN_OBJC_ROOT_CLASS = YES_ERROR;
				CLANG_WARN_UNREACHABLE_CODE = YES;
				CLANG_WARN__DUPLICATE_METHOD_MATCH = YES;
				CODE_SIGN_IDENTITY = "-";
				COPY_PHASE_STRIP = NO;
				DEBUG_INFORMATION_FORMAT = dwarf;
				ENABLE_STRICT_OBJC_MSGSEND = YES;
				GCC_C_LANGUAGE_STANDARD = gnu99;
				GCC_DYNAMIC_NO_PIC = NO;
				GCC_NO_COMMON_BLOCKS = YES;
				GCC_OPTIMIZATION_LEVEL = 0;
				GCC_PREPROCESSOR_DEFINITIONS = (
					"DEBUG=1",
					"$(inherited)",
				);
				GCC_SYMBOLS_PRIVATE_EXTERN = NO;
				GCC_WARN_64_TO_32_BIT_CONVERSION = YES;
				GCC_WARN_ABOUT_RETURN_TYPE = YES_ERROR;
				GCC_WARN_UNDECLARED_SELECTOR = YES;
				GCC_WARN_UNINITIALIZED_AUTOS = YES_AGGRESSIVE;
				GCC_WARN_UNUSED_FUNCTION = YES;
				GCC_WARN_UNUSED_VARIABLE = YES;
				MACOSX_DEPLOYMENT_TARGET = 10.10;
				MTL_ENABLE_DEBUG_INFO = YES;
				ONLY_ACTIVE_ARCH = YES;
				SDKROOT = macosx;
				SWIFT_OPTIMIZATION_LEVEL = "-Onone";
			};
			name = Debug;
		};
		99E4740F1B5B24DC009575C6 /* Release */ = {
			isa = XCBuildConfiguration;
			buildSettings = {
				ALWAYS_SEARCH_USER_PATHS = NO;
				CLANG_CXX_LANGUAGE_STANDARD = "gnu++0x";
				CLANG_CXX_LIBRARY = "libc++";
				CLANG_ENABLE_MODULES = YES;
				CLANG_ENABLE_OBJC_ARC = YES;
				CLANG_WARN_BOOL_CONVERSION = YES;
				CLANG_WARN_CONSTANT_CONVERSION = YES;
				CLANG_WARN_DIRECT_OBJC_ISA_USAGE = YES_ERROR;
				CLANG_WARN_EMPTY_BODY = YES;
				CLANG_WARN_ENUM_CONVERSION = YES;
				CLANG_WARN_INT_CONVERSION = YES;
				CLANG_WARN_OBJC_ROOT_CLASS = YES_ERROR;
				CLANG_WARN_UNREACHABLE_CODE = YES;
				CLANG_WARN__DUPLICATE_METHOD_MATCH = YES;
				CODE_SIGN_IDENTITY = "-";
				COPY_PHASE_STRIP = NO;
				DEBUG_INFORMATION_FORMAT = "dwarf-with-dsym";
				ENABLE_NS_ASSERTIONS = NO;
				ENABLE_STRICT_OBJC_MSGSEND = YES;
				GCC_C_LANGUAGE_STANDARD = gnu99;
				GCC_NO_COMMON_BLOCKS = YES;
				GCC_WARN_64_TO_32_BIT_CONVERSION = YES;
				GCC_WARN_ABOUT_RETURN_TYPE = YES_ERROR;
				GCC_WARN_UNDECLARED_SELECTOR = YES;
				GCC_WARN_UNINITIALIZED_AUTOS = YES_AGGRESSIVE;
				GCC_WARN_UNUSED_FUNCTION = YES;
				GCC_WARN_UNUSED_VARIABLE = YES;
				MACOSX_DEPLOYMENT_TARGET = 10.10;
				MTL_ENABLE_DEBUG_INFO = NO;
				SDKROOT = macosx;
			};
			name = Release;
		};
		99E474111B5B24DC009575C6 /* Debug */ = {
			isa = XCBuildConfiguration;
			buildSettings = {
				ASSETCATALOG_COMPILER_APPICON_NAME = AppIcon;
				CLANG_ENABLE_MODULES = YES;
				COMBINE_HIDPI_IMAGES = YES;
				HEADER_SEARCH_PATHS = (
					"$(inherited)",
					/Applications/Xcode.app/Contents/Developer/Toolchains/XcodeDefault.xctoolchain/usr/include,
					/usr/local/include,
				);
				INFOPLIST_FILE = imposture/Info.plist;
				LD_RUNPATH_SEARCH_PATHS = "$(inherited) @executable_path/../Frameworks";
				LIBRARY_SEARCH_PATHS = (
					/usr/local/lib,
					/usr/local/Cellar/opencv/2.4.11_1/lib,
				);
				PRODUCT_NAME = pesture;
				SWIFT_OBJC_BRIDGING_HEADER = "imposture/imposture-Bridging-Header.h";
				SWIFT_OPTIMIZATION_LEVEL = "-Onone";
			};
			name = Debug;
		};
		99E474121B5B24DC009575C6 /* Release */ = {
			isa = XCBuildConfiguration;
			buildSettings = {
				ASSETCATALOG_COMPILER_APPICON_NAME = AppIcon;
				CLANG_ENABLE_MODULES = YES;
				COMBINE_HIDPI_IMAGES = YES;
				HEADER_SEARCH_PATHS = (
					"$(inherited)",
					/Applications/Xcode.app/Contents/Developer/Toolchains/XcodeDefault.xctoolchain/usr/include,
					/usr/local/include,
				);
				INFOPLIST_FILE = imposture/Info.plist;
				LD_RUNPATH_SEARCH_PATHS = "$(inherited) @executable_path/../Frameworks";
				LIBRARY_SEARCH_PATHS = (
					/usr/local/lib,
					/usr/local/Cellar/opencv/2.4.11_1/lib,
				);
				PRODUCT_NAME = pesture;
				SWIFT_OBJC_BRIDGING_HEADER = "imposture/imposture-Bridging-Header.h";
			};
			name = Release;
		};
		99E474141B5B24DC009575C6 /* Debug */ = {
			isa = XCBuildConfiguration;
			buildSettings = {
				BUNDLE_LOADER = "$(TEST_HOST)";
				COMBINE_HIDPI_IMAGES = YES;
				FRAMEWORK_SEARCH_PATHS = (
					"$(DEVELOPER_FRAMEWORKS_DIR)",
					"$(inherited)",
				);
				GCC_PREPROCESSOR_DEFINITIONS = (
					"DEBUG=1",
					"$(inherited)",
				);
				INFOPLIST_FILE = impostureTests/Info.plist;
				LD_RUNPATH_SEARCH_PATHS = "$(inherited) @executable_path/../Frameworks @loader_path/../Frameworks";
				PRODUCT_NAME = pestureTests;
				TEST_HOST = "$(BUILT_PRODUCTS_DIR)/imposture.app/Contents/MacOS/imposture";
			};
			name = Debug;
		};
		99E474151B5B24DC009575C6 /* Release */ = {
			isa = XCBuildConfiguration;
			buildSettings = {
				BUNDLE_LOADER = "$(TEST_HOST)";
				COMBINE_HIDPI_IMAGES = YES;
				FRAMEWORK_SEARCH_PATHS = (
					"$(DEVELOPER_FRAMEWORKS_DIR)",
					"$(inherited)",
				);
				INFOPLIST_FILE = impostureTests/Info.plist;
				LD_RUNPATH_SEARCH_PATHS = "$(inherited) @executable_path/../Frameworks @loader_path/../Frameworks";
				PRODUCT_NAME = pestureTests;
				TEST_HOST = "$(BUILT_PRODUCTS_DIR)/imposture.app/Contents/MacOS/imposture";
			};
			name = Release;
		};
/* End XCBuildConfiguration section */

/* Begin XCConfigurationList section */
		99E473F11B5B24DC009575C6 /* Build configuration list for PBXProject "pesture" */ = {
			isa = XCConfigurationList;
			buildConfigurations = (
				99E4740E1B5B24DC009575C6 /* Debug */,
				99E4740F1B5B24DC009575C6 /* Release */,
			);
			defaultConfigurationIsVisible = 0;
			defaultConfigurationName = Release;
		};
		99E474101B5B24DC009575C6 /* Build configuration list for PBXNativeTarget "pesture" */ = {
			isa = XCConfigurationList;
			buildConfigurations = (
				99E474111B5B24DC009575C6 /* Debug */,
				99E474121B5B24DC009575C6 /* Release */,
			);
			defaultConfigurationIsVisible = 0;
			defaultConfigurationName = Release;
		};
		99E474131B5B24DC009575C6 /* Build configuration list for PBXNativeTarget "pestureTests" */ = {
			isa = XCConfigurationList;
			buildConfigurations = (
				99E474141B5B24DC009575C6 /* Debug */,
				99E474151B5B24DC009575C6 /* Release */,
			);
			defaultConfigurationIsVisible = 0;
			defaultConfigurationName = Release;
		};
/* End XCConfigurationList section */
	};
	rootObject = 99E473EE1B5B24DC009575C6 /* Project object */;
}
